
Microsoft Visual Studio Solution File, Format Version 12.00
# Visual Studio Version 17
VisualStudioVersion = 17.14.36401.2 d17.14
MinimumVisualStudioVersion = 10.0.40219.1
Project("{FAE04EC0-301F-11D3-BF4B-00C04F79EFBC}") = "Villa.Web.UI", "Villa.Web.UI\Villa.Web.UI.csproj", "{EFC9701E-862C-4382-B3BB-D2C80C493B1C}"
EndProject
Project("{FAE04EC0-301F-11D3-BF4B-00C04F79EFBC}") = "Villa.Entity", "Villa.Entity\Villa.Entity.csproj", "{21A5033A-2BC7-46C1-B940-C2668F92DB32}"
EndProject
Project("{FAE04EC0-301F-11D3-BF4B-00C04F79EFBC}") = "Villa.DataAccess", "Villa.DataAccess\Villa.DataAccess.csproj", "{E2D14B5C-0F2C-4B56-B977-E968609C6E97}"
EndProject
Project("{FAE04EC0-301F-11D3-BF4B-00C04F79EFBC}") = "Villa.Business", "Villa.Business\Villa.Business.csproj", "{60892E62-EF12-403A-8598-0C31470F3779}"
EndProject
Project("{FAE04EC0-301F-11D3-BF4B-00C04F79EFBC}") = "Villa.Dto", "Villa.Dto\Villa.Dto.csproj", "{71DE5086-77DB-4751-971D-4ADCC184EE81}"
EndProject
Global
	GlobalSection(SolutionConfigurationPlatforms) = preSolution
		Debug|Any CPU = Debug|Any CPU
		Release|Any CPU = Release|Any CPU
	EndGlobalSection
	GlobalSection(ProjectConfigurationPlatforms) = postSolution
		{EFC9701E-862C-4382-B3BB-D2C80C493B1C}.Debug|Any CPU.ActiveCfg = Debug|Any CPU
		{EFC9701E-862C-4382-B3BB-D2C80C493B1C}.Debug|Any CPU.Build.0 = Debug|Any CPU
		{EFC9701E-862C-4382-B3BB-D2C80C493B1C}.Release|Any CPU.ActiveCfg = Release|Any CPU
		{EFC9701E-862C-4382-B3BB-D2C80C493B1C}.Release|Any CPU.Build.0 = Release|Any CPU
		{21A5033A-2BC7-46C1-B940-C2668F92DB32}.Debug|Any CPU.ActiveCfg = Debug|Any CPU
		{21A5033A-2BC7-46C1-B940-C2668F92DB32}.Debug|Any CPU.Build.0 = Debug|Any CPU
		{21A5033A-2BC7-46C1-B940-C2668F92DB32}.Release|Any CPU.ActiveCfg = Release|Any CPU
		{21A5033A-2BC7-46C1-B940-C2668F92DB32}.Release|Any CPU.Build.0 = Release|Any CPU
		{E2D14B5C-0F2C-4B56-B977-E968609C6E97}.Debug|Any CPU.ActiveCfg = Debug|Any CPU
		{E2D14B5C-0F2C-4B56-B977-E968609C6E97}.Debug|Any CPU.Build.0 = Debug|Any CPU
		{E2D14B5C-0F2C-4B56-B977-E968609C6E97}.Release|Any CPU.ActiveCfg = Release|Any CPU
		{E2D14B5C-0F2C-4B56-B977-E968609C6E97}.Release|Any CPU.Build.0 = Release|Any CPU
		{60892E62-EF12-403A-8598-0C31470F3779}.Debug|Any CPU.ActiveCfg = Debug|Any CPU
		{60892E62-EF12-403A-8598-0C31470F3779}.Debug|Any CPU.Build.0 = Debug|Any CPU
		{60892E62-EF12-403A-8598-0C31470F3779}.Release|Any CPU.ActiveCfg = Release|Any CPU
		{60892E62-EF12-403A-8598-0C31470F3779}.Release|Any CPU.Build.0 = Release|Any CPU
		{71DE5086-77DB-4751-971D-4ADCC184EE81}.Debug|Any CPU.ActiveCfg = Debug|Any CPU
		{71DE5086-77DB-4751-971D-4ADCC184EE81}.Debug|Any CPU.Build.0 = Debug|Any CPU
		{71DE5086-77DB-4751-971D-4ADCC184EE81}.Release|Any CPU.ActiveCfg = Release|Any CPU
		{71DE5086-77DB-4751-971D-4ADCC184EE81}.Release|Any CPU.Build.0 = Release|Any CPU
	EndGlobalSection
	GlobalSection(SolutionProperties) = preSolution
		HideSolutionNode = FALSE
	EndGlobalSection
	GlobalSection(ExtensibilityGlobals) = postSolution
		SolutionGuid = {0E963061-95B3-4311-AA20-5BD4DE50F586}
	EndGlobalSection
EndGlobal
